
Microsoft Visual Studio Solution File, Format Version 12.00
# Visual Studio Version 18
VisualStudioVersion = 18.0.12105.275
MinimumVisualStudioVersion = 10.0.40219.1
Project("{FAE04EC0-301F-11D3-BF4B-00C04F79EFBC}") = "SqlAssist.Core", "src\SqlAssist.Core\SqlAssist.Core.csproj", "{67C522AA-C08A-444B-974C-F812587DEBD8}"
EndProject
Project("{FAE04EC0-301F-11D3-BF4B-00C04F79EFBC}") = "SqlAssist.Ssms22", "src\SqlAssist.Ssms22\SqlAssist.Ssms22.csproj", "{68274BB6-5A79-49C9-BE49-8B9B2FA700E2}"
EndProject
Project("{FAE04EC0-301F-11D3-BF4B-00C04F79EFBC}") = "SqlAssist.Core.Tests", "tests\SqlAssist.Core.Tests\SqlAssist.Core.Tests.csproj", "{0354E203-91FB-49F3-A687-E020902BC82A}"
EndProject
Project("{2150E333-8FDC-42A3-9474-1A3956D46DE8}") = "src", "src", "{827E0CD3-B72D-47B6-A68D-7590B98EB39B}"
EndProject
Project("{FAE04EC0-301F-11D3-BF4B-00C04F79EFBC}") = "SqlAssist.Metadata", "src\SqlAssist.Metadata\SqlAssist.Metadata.csproj", "{D3510574-E2A6-411F-ACEF-013DDC216B68}"
EndProject
Project("{2150E333-8FDC-42A3-9474-1A3956D46DE8}") = "tests", "tests", "{0AB3BF05-4346-4AA6-1389-037BE0695223}"
EndProject
Project("{FAE04EC0-301F-11D3-BF4B-00C04F79EFBC}") = "SqlAssist.Metadata.Tests", "tests\SqlAssist.Metadata.Tests\SqlAssist.Metadata.Tests.csproj", "{5BF27E2D-1A43-4794-9420-F0183ADF2042}"
EndProject
Project("{2150E333-8FDC-42A3-9474-1A3956D46DE8}") = "方案項目", "方案項目", "{D9C861D1-BFE7-4123-97CA-9CF3A4E6D517}"
	ProjectSection(SolutionItems) = preProject
		Directory.Build.props = Directory.Build.props
		global.json = global.json
		README.md = README.md
		version.json = version.json
	EndProjectSection
EndProject
Project("{2150E333-8FDC-42A3-9474-1A3956D46DE8}") = "docs", "docs", "{EF86EC9E-AE01-4761-823F-555C9A09339D}"
	ProjectSection(SolutionItems) = preProject
		docs\architecture.md = docs\architecture.md
		docs\completion.md = docs\completion.md
		docs\development.md = docs\development.md
		docs\getting-started.md = docs\getting-started.md
		docs\index.md = docs\index.md
		docs\metadata.md = docs\metadata.md
		docs\settings.md = docs\settings.md
		docs\snippets.md = docs\snippets.md
		docs\structure-preview.md = docs\structure-preview.md
		docs\wildcard-expansion.md = docs\wildcard-expansion.md
	EndProjectSection
EndProject
Project("{2150E333-8FDC-42A3-9474-1A3956D46DE8}") = "tools", "tools", "{FC52F393-0A06-41A8-81F5-7125FBF96322}"
	ProjectSection(SolutionItems) = preProject
		tools\Build-Extension.ps1 = tools\Build-Extension.ps1
		tools\Deploy-DebugExtension.ps1 = tools\Deploy-DebugExtension.ps1
		tools\Generate-Keywords.ps1 = tools\Generate-Keywords.ps1
		tools\Install-Extension.ps1 = tools\Install-Extension.ps1
		tools\Publish-Release.ps1 = tools\Publish-Release.ps1
		tools\Run-CoreTests.ps1 = tools\Run-CoreTests.ps1
		tools\Show-Diagnostics.ps1 = tools\Show-Diagnostics.ps1
		tools\Test-CommandTable.ps1 = tools\Test-CommandTable.ps1
		tools\Test-VsixPackage.ps1 = tools\Test-VsixPackage.ps1
		tools\Uninstall-Extension.ps1 = tools\Uninstall-Extension.ps1
	EndProjectSection
EndProject
Project("{2150E333-8FDC-42A3-9474-1A3956D46DE8}") = "images", "images", "{F15806DE-7900-4301-9DA0-70A3D4EDA7C6}"
	ProjectSection(SolutionItems) = preProject
		docs\images\completion.png = docs\images\completion.png
		docs\images\expand-star.png = docs\images\expand-star.png
		docs\images\hero.png = docs\images\hero.png
		docs\images\logo.png = docs\images\logo.png
		docs\images\README.md = docs\images\README.md
		docs\images\social-preview.png = docs\images\social-preview.png
		docs\images\structure-preview.png = docs\images\structure-preview.png
	EndProjectSection
EndProject
Global
	GlobalSection(SolutionConfigurationPlatforms) = preSolution
		Debug|Any CPU = Debug|Any CPU
		Debug|x64 = Debug|x64
		Debug|x86 = Debug|x86
		Release|Any CPU = Release|Any CPU
		Release|x64 = Release|x64
		Release|x86 = Release|x86
	EndGlobalSection
	GlobalSection(ProjectConfigurationPlatforms) = postSolution
		{67C522AA-C08A-444B-974C-F812587DEBD8}.Debug|Any CPU.ActiveCfg = Debug|Any CPU
		{67C522AA-C08A-444B-974C-F812587DEBD8}.Debug|Any CPU.Build.0 = Debug|Any CPU
		{67C522AA-C08A-444B-974C-F812587DEBD8}.Debug|x64.ActiveCfg = Debug|x64
		{67C522AA-C08A-444B-974C-F812587DEBD8}.Debug|x64.Build.0 = Debug|x64
		{67C522AA-C08A-444B-974C-F812587DEBD8}.Debug|x86.ActiveCfg = Debug|Any CPU
		{67C522AA-C08A-444B-974C-F812587DEBD8}.Debug|x86.Build.0 = Debug|Any CPU
		{67C522AA-C08A-444B-974C-F812587DEBD8}.Release|Any CPU.ActiveCfg = Release|Any CPU
		{67C522AA-C08A-444B-974C-F812587DEBD8}.Release|Any CPU.Build.0 = Release|Any CPU
		{67C522AA-C08A-444B-974C-F812587DEBD8}.Release|x64.ActiveCfg = Release|x64
		{67C522AA-C08A-444B-974C-F812587DEBD8}.Release|x64.Build.0 = Release|x64
		{67C522AA-C08A-444B-974C-F812587DEBD8}.Release|x86.ActiveCfg = Release|Any CPU
		{67C522AA-C08A-444B-974C-F812587DEBD8}.Release|x86.Build.0 = Release|Any CPU
		{68274BB6-5A79-49C9-BE49-8B9B2FA700E2}.Debug|Any CPU.ActiveCfg = Debug|Any CPU
		{68274BB6-5A79-49C9-BE49-8B9B2FA700E2}.Debug|Any CPU.Build.0 = Debug|Any CPU
		{68274BB6-5A79-49C9-BE49-8B9B2FA700E2}.Debug|x64.ActiveCfg = Debug|x64
		{68274BB6-5A79-49C9-BE49-8B9B2FA700E2}.Debug|x64.Build.0 = Debug|x64
		{68274BB6-5A79-49C9-BE49-8B9B2FA700E2}.Debug|x86.ActiveCfg = Debug|Any CPU
		{68274BB6-5A79-49C9-BE49-8B9B2FA700E2}.Debug|x86.Build.0 = Debug|Any CPU
		{68274BB6-5A79-49C9-BE49-8B9B2FA700E2}.Release|Any CPU.ActiveCfg = Release|Any CPU
		{68274BB6-5A79-49C9-BE49-8B9B2FA700E2}.Release|Any CPU.Build.0 = Release|Any CPU
		{68274BB6-5A79-49C9-BE49-8B9B2FA700E2}.Release|x64.ActiveCfg = Release|x64
		{68274BB6-5A79-49C9-BE49-8B9B2FA700E2}.Release|x64.Build.0 = Release|x64
		{68274BB6-5A79-49C9-BE49-8B9B2FA700E2}.Release|x86.ActiveCfg = Release|Any CPU
		{68274BB6-5A79-49C9-BE49-8B9B2FA700E2}.Release|x86.Build.0 = Release|Any CPU
		{0354E203-91FB-49F3-A687-E020902BC82A}.Debug|Any CPU.ActiveCfg = Debug|Any CPU
		{0354E203-91FB-49F3-A687-E020902BC82A}.Debug|Any CPU.Build.0 = Debug|Any CPU
		{0354E203-91FB-49F3-A687-E020902BC82A}.Debug|x64.ActiveCfg = Debug|x64
		{0354E203-91FB-49F3-A687-E020902BC82A}.Debug|x64.Build.0 = Debug|x64
		{0354E203-91FB-49F3-A687-E020902BC82A}.Debug|x86.ActiveCfg = Debug|Any CPU
		{0354E203-91FB-49F3-A687-E020902BC82A}.Debug|x86.Build.0 = Debug|Any CPU
		{0354E203-91FB-49F3-A687-E020902BC82A}.Release|Any CPU.ActiveCfg = Release|Any CPU
		{0354E203-91FB-49F3-A687-E020902BC82A}.Release|Any CPU.Build.0 = Release|Any CPU
		{0354E203-91FB-49F3-A687-E020902BC82A}.Release|x64.ActiveCfg = Release|x64
		{0354E203-91FB-49F3-A687-E020902BC82A}.Release|x64.Build.0 = Release|x64
		{0354E203-91FB-49F3-A687-E020902BC82A}.Release|x86.ActiveCfg = Release|Any CPU
		{0354E203-91FB-49F3-A687-E020902BC82A}.Release|x86.Build.0 = Release|Any CPU
		{D3510574-E2A6-411F-ACEF-013DDC216B68}.Debug|Any CPU.ActiveCfg = Debug|Any CPU
		{D3510574-E2A6-411F-ACEF-013DDC216B68}.Debug|Any CPU.Build.0 = Debug|Any CPU
		{D3510574-E2A6-411F-ACEF-013DDC216B68}.Debug|x64.ActiveCfg = Debug|x64
		{D3510574-E2A6-411F-ACEF-013DDC216B68}.Debug|x64.Build.0 = Debug|x64
		{D3510574-E2A6-411F-ACEF-013DDC216B68}.Debug|x86.ActiveCfg = Debug|Any CPU
		{D3510574-E2A6-411F-ACEF-013DDC216B68}.Debug|x86.Build.0 = Debug|Any CPU
		{D3510574-E2A6-411F-ACEF-013DDC216B68}.Release|Any CPU.ActiveCfg = Release|Any CPU
		{D3510574-E2A6-411F-ACEF-013DDC216B68}.Release|Any CPU.Build.0 = Release|Any CPU
		{D3510574-E2A6-411F-ACEF-013DDC216B68}.Release|x64.ActiveCfg = Release|x64
		{D3510574-E2A6-411F-ACEF-013DDC216B68}.Release|x64.Build.0 = Release|x64
		{D3510574-E2A6-411F-ACEF-013DDC216B68}.Release|x86.ActiveCfg = Release|Any CPU
		{D3510574-E2A6-411F-ACEF-013DDC216B68}.Release|x86.Build.0 = Release|Any CPU
		{5BF27E2D-1A43-4794-9420-F0183ADF2042}.Debug|Any CPU.ActiveCfg = Debug|Any CPU
		{5BF27E2D-1A43-4794-9420-F0183ADF2042}.Debug|Any CPU.Build.0 = Debug|Any CPU
		{5BF27E2D-1A43-4794-9420-F0183ADF2042}.Debug|x64.ActiveCfg = Debug|x64
		{5BF27E2D-1A43-4794-9420-F0183ADF2042}.Debug|x64.Build.0 = Debug|x64
		{5BF27E2D-1A43-4794-9420-F0183ADF2042}.Debug|x86.ActiveCfg = Debug|Any CPU
		{5BF27E2D-1A43-4794-9420-F0183ADF2042}.Debug|x86.Build.0 = Debug|Any CPU
		{5BF27E2D-1A43-4794-9420-F0183ADF2042}.Release|Any CPU.ActiveCfg = Release|Any CPU
		{5BF27E2D-1A43-4794-9420-F0183ADF2042}.Release|Any CPU.Build.0 = Release|Any CPU
		{5BF27E2D-1A43-4794-9420-F0183ADF2042}.Release|x64.ActiveCfg = Release|x64
		{5BF27E2D-1A43-4794-9420-F0183ADF2042}.Release|x64.Build.0 = Release|x64
		{5BF27E2D-1A43-4794-9420-F0183ADF2042}.Release|x86.ActiveCfg = Release|Any CPU
		{5BF27E2D-1A43-4794-9420-F0183ADF2042}.Release|x86.Build.0 = Release|Any CPU
	EndGlobalSection
	GlobalSection(SolutionProperties) = preSolution
		HideSolutionNode = FALSE
	EndGlobalSection
	GlobalSection(NestedProjects) = preSolution
		{67C522AA-C08A-444B-974C-F812587DEBD8} = {827E0CD3-B72D-47B6-A68D-7590B98EB39B}
		{68274BB6-5A79-49C9-BE49-8B9B2FA700E2} = {827E0CD3-B72D-47B6-A68D-7590B98EB39B}
		{0354E203-91FB-49F3-A687-E020902BC82A} = {0AB3BF05-4346-4AA6-1389-037BE0695223}
		{D3510574-E2A6-411F-ACEF-013DDC216B68} = {827E0CD3-B72D-47B6-A68D-7590B98EB39B}
		{5BF27E2D-1A43-4794-9420-F0183ADF2042} = {0AB3BF05-4346-4AA6-1389-037BE0695223}
		{F15806DE-7900-4301-9DA0-70A3D4EDA7C6} = {EF86EC9E-AE01-4761-823F-555C9A09339D}
	EndGlobalSection
	GlobalSection(ExtensibilityGlobals) = postSolution
		SolutionGuid = {CDA4571B-BBA9-4475-89F5-C66A30A41808}
	EndGlobalSection
EndGlobal
